// !$*UTF8*$!
{
	archiveVersion = 1;
	classes = {
	};
	objectVersion = 50;
	objects = {

/* Begin PBXBuildFile section */
		61BAC33C216D501300B92B9B /* AppDelegate.swift in Sources */ = {isa = PBXBuildFile; fileRef = 61BAC33B216D501300B92B9B /* AppDelegate.swift */; };
		61BAC33E216D501300B92B9B /* ViewController.swift in Sources */ = {isa = PBXBuildFile; fileRef = 61BAC33D216D501300B92B9B /* ViewController.swift */; };
		61BAC341216D501300B92B9B /* Main.storyboard in Resources */ = {isa = PBXBuildFile; fileRef = 61BAC33F216D501300B92B9B /* Main.storyboard */; };
		61BAC343216D501400B92B9B /* Assets.xcassets in Resources */ = {isa = PBXBuildFile; fileRef = 61BAC342216D501400B92B9B /* Assets.xcassets */; };
		61BAC346216D501400B92B9B /* LaunchScreen.storyboard in Resources */ = {isa = PBXBuildFile; fileRef = 61BAC344216D501400B92B9B /* LaunchScreen.storyboard */; };
		61BAC351216D501400B92B9B /* survey_notifierTests.swift in Sources */ = {isa = PBXBuildFile; fileRef = 61BAC350216D501400B92B9B /* survey_notifierTests.swift */; };
		61BAC35C216D501400B92B9B /* survey_notifierUITests.swift in Sources */ = {isa = PBXBuildFile; fileRef = 61BAC35B216D501400B92B9B /* survey_notifierUITests.swift */; };
/* End PBXBuildFile section */

/* Begin PBXContainerItemProxy section */
		61BAC34D216D501400B92B9B /* PBXContainerItemProxy */ = {
			isa = PBXContainerItemProxy;
			containerPortal = 61BAC330216D501300B92B9B /* Project object */;
			proxyType = 1;
			remoteGlobalIDString = 61BAC337216D501300B92B9B;
			remoteInfo = "survey-notifier";
		};
		61BAC358216D501400B92B9B /* PBXContainerItemProxy */ = {
			isa = PBXContainerItemProxy;
			containerPortal = 61BAC330216D501300B92B9B /* Project object */;
			proxyType = 1;
			remoteGlobalIDString = 61BAC337216D501300B92B9B;
			remoteInfo = "survey-notifier";
		};
/* End PBXContainerItemProxy section */

/* Begin PBXFileReference section */
		61BAC338216D501300B92B9B /* survey-notifier.app */ = {isa = PBXFileReference; explicitFileType = wrapper.application; includeInIndex = 0; path = "survey-notifier.app"; sourceTree = BUILT_PRODUCTS_DIR; };
		61BAC33B216D501300B92B9B /* AppDelegate.swift */ = {isa = PBXFileReference; lastKnownFileType = sourcecode.swift; path = AppDelegate.swift; sourceTree = "<group>"; };
		61BAC33D216D501300B92B9B /* ViewController.swift */ = {isa = PBXFileReference; lastKnownFileType = sourcecode.swift; path = ViewController.swift; sourceTree = "<group>"; };
		61BAC340216D501300B92B9B /* Base */ = {isa = PBXFileReference; lastKnownFileType = file.storyboard; name = Base; path = Base.lproj/Main.storyboard; sourceTree = "<group>"; };
		61BAC342216D501400B92B9B /* Assets.xcassets */ = {isa = PBXFileReference; lastKnownFileType = folder.assetcatalog; path = Assets.xcassets; sourceTree = "<group>"; };
		61BAC345216D501400B92B9B /* Base */ = {isa = PBXFileReference; lastKnownFileType = file.storyboard; name = Base; path = Base.lproj/LaunchScreen.storyboard; sourceTree = "<group>"; };
		61BAC347216D501400B92B9B /* Info.plist */ = {isa = PBXFileReference; lastKnownFileType = text.plist.xml; path = Info.plist; sourceTree = "<group>"; };
		61BAC34C216D501400B92B9B /* survey-notifierTests.xctest */ = {isa = PBXFileReference; explicitFileType = wrapper.cfbundle; includeInIndex = 0; path = "survey-notifierTests.xctest"; sourceTree = BUILT_PRODUCTS_DIR; };
		61BAC350216D501400B92B9B /* survey_notifierTests.swift */ = {isa = PBXFileReference; lastKnownFileType = sourcecode.swift; path = survey_notifierTests.swift; sourceTree = "<group>"; };
		61BAC352216D501400B92B9B /* Info.plist */ = {isa = PBXFileReference; lastKnownFileType = text.plist.xml; path = Info.plist; sourceTree = "<group>"; };
		61BAC357216D501400B92B9B /* survey-notifierUITests.xctest */ = {isa = PBXFileReference; explicitFileType = wrapper.cfbundle; includeInIndex = 0; path = "survey-notifierUITests.xctest"; sourceTree = BUILT_PRODUCTS_DIR; };
		61BAC35B216D501400B92B9B /* survey_notifierUITests.swift */ = {isa = PBXFileReference; lastKnownFileType = sourcecode.swift; path = survey_notifierUITests.swift; sourceTree = "<group>"; };
		61BAC35D216D501400B92B9B /* Info.plist */ = {isa = PBXFileReference; lastKnownFileType = text.plist.xml; path = Info.plist; sourceTree = "<group>"; };
/* End PBXFileReference section */

/* Begin PBXFrameworksBuildPhase section */
		61BAC335216D501300B92B9B /* Frameworks */ = {
			isa = PBXFrameworksBuildPhase;
			buildActionMask = 2147483647;
			files = (
			);
			runOnlyForDeploymentPostprocessing = 0;
		};
		61BAC349216D501400B92B9B /* Frameworks */ = {
			isa = PBXFrameworksBuildPhase;
			buildActionMask = 2147483647;
			files = (
			);
			runOnlyForDeploymentPostprocessing = 0;
		};
		61BAC354216D501400B92B9B /* Frameworks */ = {
			isa = PBXFrameworksBuildPhase;
			buildActionMask = 2147483647;
			files = (
			);
			runOnlyForDeploymentPostprocessing = 0;
		};
/* End PBXFrameworksBuildPhase section */

/* Begin PBXGroup section */
		61BAC32F216D501300B92B9B = {
			isa = PBXGroup;
			children = (
				61BAC33A216D501300B92B9B /* survey-notifier */,
				61BAC34F216D501400B92B9B /* survey-notifierTests */,
				61BAC35A216D501400B92B9B /* survey-notifierUITests */,
				61BAC339216D501300B92B9B /* Products */,
			);
			sourceTree = "<group>";
		};
		61BAC339216D501300B92B9B /* Products */ = {
			isa = PBXGroup;
			children = (
				61BAC338216D501300B92B9B /* survey-notifier.app */,
				61BAC34C216D501400B92B9B /* survey-notifierTests.xctest */,
				61BAC357216D501400B92B9B /* survey-notifierUITests.xctest */,
			);
			name = Products;
			sourceTree = "<group>";
		};
		61BAC33A216D501300B92B9B /* survey-notifier */ = {
			isa = PBXGroup;
			children = (
				61BAC33B216D501300B92B9B /* AppDelegate.swift */,
				61BAC33D216D501300B92B9B /* ViewController.swift */,
				61BAC33F216D501300B92B9B /* Main.storyboard */,
				61BAC342216D501400B92B9B /* Assets.xcassets */,
				61BAC344216D501400B92B9B /* LaunchScreen.storyboard */,
				61BAC347216D501400B92B9B /* Info.plist */,
			);
			path = "survey-notifier";
			sourceTree = "<group>";
		};
		61BAC34F216D501400B92B9B /* survey-notifierTests */ = {
			isa = PBXGroup;
			children = (
				61BAC350216D501400B92B9B /* survey_notifierTests.swift */,
				61BAC352216D501400B92B9B /* Info.plist */,
			);
			path = "survey-notifierTests";
			sourceTree = "<group>";
		};
		61BAC35A216D501400B92B9B /* survey-notifierUITests */ = {
			isa = PBXGroup;
			children = (
				61BAC35B216D501400B92B9B /* survey_notifierUITests.swift */,
				61BAC35D216D501400B92B9B /* Info.plist */,
			);
			path = "survey-notifierUITests";
			sourceTree = "<group>";
		};
/* End PBXGroup section */

/* Begin PBXNativeTarget section */
		61BAC337216D501300B92B9B /* survey-notifier */ = {
			isa = PBXNativeTarget;
			buildConfigurationList = 61BAC360216D501400B92B9B /* Build configuration list for PBXNativeTarget "survey-notifier" */;
			buildPhases = (
				61BAC334216D501300B92B9B /* Sources */,
				61BAC335216D501300B92B9B /* Frameworks */,
				61BAC336216D501300B92B9B /* Resources */,
			);
			buildRules = (
			);
			dependencies = (
			);
			name = "survey-notifier";
			productName = "survey-notifier";
			productReference = 61BAC338216D501300B92B9B /* survey-notifier.app */;
			productType = "com.apple.product-type.application";
		};
		61BAC34B216D501400B92B9B /* survey-notifierTests */ = {
			isa = PBXNativeTarget;
			buildConfigurationList = 61BAC363216D501400B92B9B /* Build configuration list for PBXNativeTarget "survey-notifierTests" */;
			buildPhases = (
				61BAC348216D501400B92B9B /* Sources */,
				61BAC349216D501400B92B9B /* Frameworks */,
				61BAC34A216D501400B92B9B /* Resources */,
			);
			buildRules = (
			);
			dependencies = (
				61BAC34E216D501400B92B9B /* PBXTargetDependency */,
			);
			name = "survey-notifierTests";
			productName = "survey-notifierTests";
			productReference = 61BAC34C216D501400B92B9B /* survey-notifierTests.xctest */;
			productType = "com.apple.product-type.bundle.unit-test";
		};
		61BAC356216D501400B92B9B /* survey-notifierUITests */ = {
			isa = PBXNativeTarget;
			buildConfigurationList = 61BAC366216D501400B92B9B /* Build configuration list for PBXNativeTarget "survey-notifierUITests" */;
			buildPhases = (
				61BAC353216D501400B92B9B /* Sources */,
				61BAC354216D501400B92B9B /* Frameworks */,
				61BAC355216D501400B92B9B /* Resources */,
			);
			buildRules = (
			);
			dependencies = (
				61BAC359216D501400B92B9B /* PBXTargetDependency */,
			);
			name = "survey-notifierUITests";
			productName = "survey-notifierUITests";
			productReference = 61BAC357216D501400B92B9B /* survey-notifierUITests.xctest */;
			productType = "com.apple.product-type.bundle.ui-testing";
		};
/* End PBXNativeTarget section */

/* Begin PBXProject section */
		61BAC330216D501300B92B9B /* Project object */ = {
			isa = PBXProject;
			attributes = {
				LastSwiftUpdateCheck = 1000;
				LastUpgradeCheck = 1000;
				ORGANIZATIONNAME = "UX Train";
				TargetAttributes = {
					61BAC337216D501300B92B9B = {
						CreatedOnToolsVersion = 10.0;
					};
					61BAC34B216D501400B92B9B = {
						CreatedOnToolsVersion = 10.0;
						TestTargetID = 61BAC337216D501300B92B9B;
					};
					61BAC356216D501400B92B9B = {
						CreatedOnToolsVersion = 10.0;
						TestTargetID = 61BAC337216D501300B92B9B;
					};
				};
			};
			buildConfigurationList = 61BAC333216D501300B92B9B /* Build configuration list for PBXProject "survey-notifier" */;
			compatibilityVersion = "Xcode 9.3";
			developmentRegion = en;
			hasScannedForEncodings = 0;
			knownRegions = (
				en,
				Base,
			);
			mainGroup = 61BAC32F216D501300B92B9B;
			productRefGroup = 61BAC339216D501300B92B9B /* Products */;
			projectDirPath = "";
			projectRoot = "";
			targets = (
				61BAC337216D501300B92B9B /* survey-notifier */,
				61BAC34B216D501400B92B9B /* survey-notifierTests */,
				61BAC356216D501400B92B9B /* survey-notifierUITests */,
			);
		};
/* End PBXProject section */

/* Begin PBXResourcesBuildPhase section */
		61BAC336216D501300B92B9B /* Resources */ = {
			isa = PBXResourcesBuildPhase;
			buildActionMask = 2147483647;
			files = (
				61BAC346216D501400B92B9B /* LaunchScreen.storyboard in Resources */,
				61BAC343216D501400B92B9B /* Assets.xcassets in Resources */,
				61BAC341216D501300B92B9B /* Main.storyboard in Resources */,
			);
			runOnlyForDeploymentPostprocessing = 0;
		};
		61BAC34A216D501400B92B9B /* Resources */ = {
			isa = PBXResourcesBuildPhase;
			buildActionMask = 2147483647;
			files = (
			);
			runOnlyForDeploymentPostprocessing = 0;
		};
		61BAC355216D501400B92B9B /* Resources */ = {
			isa = PBXResourcesBuildPhase;
			buildActionMask = 2147483647;
			files = (
			);
			runOnlyForDeploymentPostprocessing = 0;
		};
/* End PBXResourcesBuildPhase section */

/* Begin PBXSourcesBuildPhase section */
		61BAC334216D501300B92B9B /* Sources */ = {
			isa = PBXSourcesBuildPhase;
			buildActionMask = 2147483647;
			files = (
				61BAC33E216D501300B92B9B /* ViewController.swift in Sources */,
				61BAC33C216D501300B92B9B /* AppDelegate.swift in Sources */,
			);
			runOnlyForDeploymentPostprocessing = 0;
		};
		61BAC348216D501400B92B9B /* Sources */ = {
			isa = PBXSourcesBuildPhase;
			buildActionMask = 2147483647;
			files = (
				61BAC351216D501400B92B9B /* survey_notifierTests.swift in Sources */,
			);
			runOnlyForDeploymentPostprocessing = 0;
		};
		61BAC353216D501400B92B9B /* Sources */ = {
			isa = PBXSourcesBuildPhase;
			buildActionMask = 2147483647;
			files = (
				61BAC35C216D501400B92B9B /* survey_notifierUITests.swift in Sources */,
			);
			runOnlyForDeploymentPostprocessing = 0;
		};
/* End PBXSourcesBuildPhase section */

/* Begin PBXTargetDependency section */
		61BAC34E216D501400B92B9B /* PBXTargetDependency */ = {
			isa = PBXTargetDependency;
			target = 61BAC337216D501300B92B9B /* survey-notifier */;
			targetProxy = 61BAC34D216D501400B92B9B /* PBXContainerItemProxy */;
		};
		61BAC359216D501400B92B9B /* PBXTargetDependency */ = {
			isa = PBXTargetDependency;
			target = 61BAC337216D501300B92B9B /* survey-notifier */;
			targetProxy = 61BAC358216D501400B92B9B /* PBXContainerItemProxy */;
		};
/* End PBXTargetDependency section */

/* Begin PBXVariantGroup section */
		61BAC33F216D501300B92B9B /* Main.storyboard */ = {
			isa = PBXVariantGroup;
			children = (
				61BAC340216D501300B92B9B /* Base */,
			);
			name = Main.storyboard;
			sourceTree = "<group>";
		};
		61BAC344216D501400B92B9B /* LaunchScreen.storyboard */ = {
			isa = PBXVariantGroup;
			children = (
				61BAC345216D501400B92B9B /* Base */,
			);
			name = LaunchScreen.storyboard;
			sourceTree = "<group>";
		};
/* End PBXVariantGroup section */

/* Begin XCBuildConfiguration section */
		61BAC35E216D501400B92B9B /* Debug */ = {
			isa = XCBuildConfiguration;
			buildSettings = {
				ALWAYS_SEARCH_USER_PATHS = NO;
				CLANG_ANALYZER_NONNULL = YES;
				CLANG_ANALYZER_NUMBER_OBJECT_CONVERSION = YES_AGGRESSIVE;
				CLANG_CXX_LANGUAGE_STANDARD = "gnu++14";
				CLANG_CXX_LIBRARY = "libc++";
				CLANG_ENABLE_MODULES = YES;
				CLANG_ENABLE_OBJC_ARC = YES;
				CLANG_ENABLE_OBJC_WEAK = YES;
				CLANG_WARN_BLOCK_CAPTURE_AUTORELEASING = YES;
				CLANG_WARN_BOOL_CONVERSION = YES;
				CLANG_WARN_COMMA = YES;
				CLANG_WARN_CONSTANT_CONVERSION = YES;
				CLANG_WARN_DEPRECATED_OBJC_IMPLEMENTATIONS = YES;
				CLANG_WARN_DIRECT_OBJC_ISA_USAGE = YES_ERROR;
				CLANG_WARN_DOCUMENTATION_COMMENTS = YES;
				CLANG_WARN_EMPTY_BODY = YES;
				CLANG_WARN_ENUM_CONVERSION = YES;
				CLANG_WARN_INFINITE_RECURSION = YES;
				CLANG_WARN_INT_CONVERSION = YES;
				CLANG_WARN_NON_LITERAL_NULL_CONVERSION = YES;
				CLANG_WARN_OBJC_IMPLICIT_RETAIN_SELF = YES;
				CLANG_WARN_OBJC_LITERAL_CONVERSION = YES;
				CLANG_WARN_OBJC_ROOT_CLASS = YES_ERROR;
				CLANG_WARN_RANGE_LOOP_ANALYSIS = YES;
				CLANG_WARN_STRICT_PROTOTYPES = YES;
				CLANG_WARN_SUSPICIOUS_MOVE = YES;
				CLANG_WARN_UNGUARDED_AVAILABILITY = YES_AGGRESSIVE;
				CLANG_WARN_UNREACHABLE_CODE = YES;
				CLANG_WARN__DUPLICATE_METHOD_MATCH = YES;
				CODE_SIGN_IDENTITY = "iPhone Developer";
				COPY_PHASE_STRIP = NO;
				DEBUG_INFORMATION_FORMAT = dwarf;
				ENABLE_STRICT_OBJC_MSGSEND = YES;
				ENABLE_TESTABILITY = YES;
				GCC_C_LANGUAGE_STANDARD = gnu11;
				GCC_DYNAMIC_NO_PIC = NO;
				GCC_NO_COMMON_BLOCKS = YES;
				GCC_OPTIMIZATION_LEVEL = 0;
				GCC_PREPROCESSOR_DEFINITIONS = (
					"DEBUG=1",
					"$(inherited)",
				);
				GCC_WARN_64_TO_32_BIT_CONVERSION = YES;
				GCC_WARN_ABOUT_RETURN_TYPE = YES_ERROR;
				GCC_WARN_UNDECLARED_SELECTOR = YES;
				GCC_WARN_UNINITIALIZED_AUTOS = YES_AGGRESSIVE;
				GCC_WARN_UNUSED_FUNCTION = YES;
				GCC_WARN_UNUSED_VARIABLE = YES;
				IPHONEOS_DEPLOYMENT_TARGET = 12.0;
				MTL_ENABLE_DEBUG_INFO = INCLUDE_SOURCE;
				MTL_FAST_MATH = YES;
				ONLY_ACTIVE_ARCH = YES;
				SDKROOT = iphoneos;
				SWIFT_ACTIVE_COMPILATION_CONDITIONS = DEBUG;
				SWIFT_OPTIMIZATION_LEVEL = "-Onone";
			};
			name = Debug;
		};
		61BAC35F216D501400B92B9B /* Release */ = {
			isa = XCBuildConfiguration;
			buildSettings = {
				ALWAYS_SEARCH_USER_PATHS = NO;
				CLANG_ANALYZER_NONNULL = YES;
				CLANG_ANALYZER_NUMBER_OBJECT_CONVERSION = YES_AGGRESSIVE;
				CLANG_CXX_LANGUAGE_STANDARD = "gnu++14";
				CLANG_CXX_LIBRARY = "libc++";
				CLANG_ENABLE_MODULES = YES;
				CLANG_ENABLE_OBJC_ARC = YES;
				CLANG_ENABLE_OBJC_WEAK = YES;
				CLANG_WARN_BLOCK_CAPTURE_AUTORELEASING = YES;
				CLANG_WARN_BOOL_CONVERSION = YES;
				CLANG_WARN_COMMA = YES;
				CLANG_WARN_CONSTANT_CONVERSION = YES;
				CLANG_WARN_DEPRECATED_OBJC_IMPLEMENTATIONS = YES;
				CLANG_WARN_DIRECT_OBJC_ISA_USAGE = YES_ERROR;
				CLANG_WARN_DOCUMENTATION_COMMENTS = YES;
				CLANG_WARN_EMPTY_BODY = YES;
				CLANG_WARN_ENUM_CONVERSION = YES;
				CLANG_WARN_INFINITE_RECURSION = YES;
				CLANG_WARN_INT_CONVERSION = YES;
				CLANG_WARN_NON_LITERAL_NULL_CONVERSION = YES;
				CLANG_WARN_OBJC_IMPLICIT_RETAIN_SELF = YES;
				CLANG_WARN_OBJC_LITERAL_CONVERSION = YES;
				CLANG_WARN_OBJC_ROOT_CLASS = YES_ERROR;
				CLANG_WARN_RANGE_LOOP_ANALYSIS = YES;
				CLANG_WARN_STRICT_PROTOTYPES = YES;
				CLANG_WARN_SUSPICIOUS_MOVE = YES;
				CLANG_WARN_UNGUARDED_AVAILABILITY = YES_AGGRESSIVE;
				CLANG_WARN_UNREACHABLE_CODE = YES;
				CLANG_WARN__DUPLICATE_METHOD_MATCH = YES;
				CODE_SIGN_IDENTITY = "iPhone Developer";
				COPY_PHASE_STRIP = NO;
				DEBUG_INFORMATION_FORMAT = "dwarf-with-dsym";
				ENABLE_NS_ASSERTIONS = NO;
				ENABLE_STRICT_OBJC_MSGSEND = YES;
				GCC_C_LANGUAGE_STANDARD = gnu11;
				GCC_NO_COMMON_BLOCKS = YES;
				GCC_WARN_64_TO_32_BIT_CONVERSION = YES;
				GCC_WARN_ABOUT_RETURN_TYPE = YES_ERROR;
				GCC_WARN_UNDECLARED_SELECTOR = YES;
				GCC_WARN_UNINITIALIZED_AUTOS = YES_AGGRESSIVE;
				GCC_WARN_UNUSED_FUNCTION = YES;
				GCC_WARN_UNUSED_VARIABLE = YES;
				IPHONEOS_DEPLOYMENT_TARGET = 12.0;
				MTL_ENABLE_DEBUG_INFO = NO;
				MTL_FAST_MATH = YES;
				SDKROOT = iphoneos;
				SWIFT_COMPILATION_MODE = wholemodule;
				SWIFT_OPTIMIZATION_LEVEL = "-O";
				VALIDATE_PRODUCT = YES;
			};
			name = Release;
		};
		61BAC361216D501400B92B9B /* Debug */ = {
			isa = XCBuildConfiguration;
			buildSettings = {
				ASSETCATALOG_COMPILER_APPICON_NAME = AppIcon;
				CODE_SIGN_STYLE = Automatic;
				INFOPLIST_FILE = "survey-notifier/Info.plist";
				LD_RUNPATH_SEARCH_PATHS = (
					"$(inherited)",
					"@executable_path/Frameworks",
				);
				PRODUCT_BUNDLE_IDENTIFIER = "fondrenux.survey-notifier";
				PRODUCT_NAME = "$(TARGET_NAME)";
				SWIFT_VERSION = 4.2;
				TARGETED_DEVICE_FAMILY = "1,2";
			};
			name = Debug;
		};
		61BAC362216D501400B92B9B /* Release */ = {
			isa = XCBuildConfiguration;
			buildSettings = {
				ASSETCATALOG_COMPILER_APPICON_NAME = AppIcon;
				CODE_SIGN_STYLE = Automatic;
				INFOPLIST_FILE = "survey-notifier/Info.plist";
				LD_RUNPATH_SEARCH_PATHS = (
					"$(inherited)",
					"@executable_path/Frameworks",
				);
				PRODUCT_BUNDLE_IDENTIFIER = "fondrenux.survey-notifier";
				PRODUCT_NAME = "$(TARGET_NAME)";
				SWIFT_VERSION = 4.2;
				TARGETED_DEVICE_FAMILY = "1,2";
			};
			name = Release;
		};
		61BAC364216D501400B92B9B /* Debug */ = {
			isa = XCBuildConfiguration;
			buildSettings = {
				ALWAYS_EMBED_SWIFT_STANDARD_LIBRARIES = YES;
				BUNDLE_LOADER = "$(TEST_HOST)";
				CODE_SIGN_STYLE = Automatic;
				INFOPLIST_FILE = "survey-notifierTests/Info.plist";
				LD_RUNPATH_SEARCH_PATHS = (
					"$(inherited)",
					"@executable_path/Frameworks",
					"@loader_path/Frameworks",
				);
				PRODUCT_BUNDLE_IDENTIFIER = "fondrenux.survey-notifierTests";
				PRODUCT_NAME = "$(TARGET_NAME)";
				SWIFT_VERSION = 4.2;
				TARGETED_DEVICE_FAMILY = "1,2";
				TEST_HOST = "$(BUILT_PRODUCTS_DIR)/survey-notifier.app/survey-notifier";
			};
			name = Debug;
		};
		61BAC365216D501400B92B9B /* Release */ = {
			isa = XCBuildConfiguration;
			buildSettings = {
				ALWAYS_EMBED_SWIFT_STANDARD_LIBRARIES = YES;
				BUNDLE_LOADER = "$(TEST_HOST)";
				CODE_SIGN_STYLE = Automatic;
				INFOPLIST_FILE = "survey-notifierTests/Info.plist";
				LD_RUNPATH_SEARCH_PATHS = (
					"$(inherited)",
					"@executable_path/Frameworks",
					"@loader_path/Frameworks",
				);
				PRODUCT_BUNDLE_IDENTIFIER = "fondrenux.survey-notifierTests";
				PRODUCT_NAME = "$(TARGET_NAME)";
				SWIFT_VERSION = 4.2;
				TARGETED_DEVICE_FAMILY = "1,2";
				TEST_HOST = "$(BUILT_PRODUCTS_DIR)/survey-notifier.app/survey-notifier";
			};
			name = Release;
		};
		61BAC367216D501400B92B9B /* Debug */ = {
			isa = XCBuildConfiguration;
			buildSettings = {
				ALWAYS_EMBED_SWIFT_STANDARD_LIBRARIES = YES;
				CODE_SIGN_STYLE = Automatic;
				INFOPLIST_FILE = "survey-notifierUITests/Info.plist";
				LD_RUNPATH_SEARCH_PATHS = (
					"$(inherited)",
					"@executable_path/Frameworks",
					"@loader_path/Frameworks",
				);
				PRODUCT_BUNDLE_IDENTIFIER = "fondrenux.survey-notifierUITests";
				PRODUCT_NAME = "$(TARGET_NAME)";
				SWIFT_VERSION = 4.2;
				TARGETED_DEVICE_FAMILY = "1,2";
				TEST_TARGET_NAME = "survey-notifier";
			};
			name = Debug;
		};
		61BAC368216D501400B92B9B /* Release */ = {
			isa = XCBuildConfiguration;
			buildSettings = {
				ALWAYS_EMBED_SWIFT_STANDARD_LIBRARIES = YES;
				CODE_SIGN_STYLE = Automatic;
				INFOPLIST_FILE = "survey-notifierUITests/Info.plist";
				LD_RUNPATH_SEARCH_PATHS = (
					"$(inherited)",
					"@executable_path/Frameworks",
					"@loader_path/Frameworks",
				);
				PRODUCT_BUNDLE_IDENTIFIER = "fondrenux.survey-notifierUITests";
				PRODUCT_NAME = "$(TARGET_NAME)";
				SWIFT_VERSION = 4.2;
				TARGETED_DEVICE_FAMILY = "1,2";
				TEST_TARGET_NAME = "survey-notifier";
			};
			name = Release;
		};
/* End XCBuildConfiguration section */

/* Begin XCConfigurationList section */
		61BAC333216D501300B92B9B /* Build configuration list for PBXProject "survey-notifier" */ = {
			isa = XCConfigurationList;
			buildConfigurations = (
				61BAC35E216D501400B92B9B /* Debug */,
				61BAC35F216D501400B92B9B /* Release */,
			);
			defaultConfigurationIsVisible = 0;
			defaultConfigurationName = Release;
		};
		61BAC360216D501400B92B9B /* Build configuration list for PBXNativeTarget "survey-notifier" */ = {
			isa = XCConfigurationList;
			buildConfigurations = (
				61BAC361216D501400B92B9B /* Debug */,
				61BAC362216D501400B92B9B /* Release */,
			);
			defaultConfigurationIsVisible = 0;
			defaultConfigurationName = Release;
		};
		61BAC363216D501400B92B9B /* Build configuration list for PBXNativeTarget "survey-notifierTests" */ = {
			isa = XCConfigurationList;
			buildConfigurations = (
				61BAC364216D501400B92B9B /* Debug */,
				61BAC365216D501400B92B9B /* Release */,
			);
			defaultConfigurationIsVisible = 0;
			defaultConfigurationName = Release;
		};
		61BAC366216D501400B92B9B /* Build configuration list for PBXNativeTarget "survey-notifierUITests" */ = {
			isa = XCConfigurationList;
			buildConfigurations = (
				61BAC367216D501400B92B9B /* Debug */,
				61BAC368216D501400B92B9B /* Release */,
			);
			defaultConfigurationIsVisible = 0;
			defaultConfigurationName = Release;
		};
/* End XCConfigurationList section */
	};
	rootObject = 61BAC330216D501300B92B9B /* Project object */;
}
